<?xml version="1.0" encoding="utf-8"?>
<Project ToolsVersion="4.0" xmlns="http://schemas.microsoft.com/developer/msbuild/2003">
  <ItemGroup>
    <ClCompile Include="src\FastFeature.cpp">
      <Filter>LocalFeatures</Filter>
    </ClCompile>
    <ClCompile Include="src\LocalFeature.cpp">
      <Filter>LocalFeatures</Filter>
    </ClCompile>
    <ClCompile Include="src\MserFeature.cpp">
      <Filter>LocalFeatures</Filter>
    </ClCompile>
    <ClCompile Include="src\OrbFeature.cpp">
      <Filter>LocalFeatures</Filter>
    </ClCompile>
    <ClCompile Include="src\SiftFeature.cpp">
      <Filter>LocalFeatures</Filter>
    </ClCompile>
    <ClCompile Include="src\StarFeature.cpp">
      <Filter>LocalFeatures</Filter>
    </ClCompile>
    <ClCompile Include="src\SurfFeature.cpp">
      <Filter>LocalFeatures</Filter>
    </ClCompile>
    <ClCompile Include="src\GlobalFeature.cpp">
      <Filter>GlobalFeatures</Filter>
    </ClCompile>
    <ClCompile Include="src\LbpFeature.cpp">
      <Filter>GlobalFeatures</Filter>
    </ClCompile>
    <ClCompile Include="src\Matcher.cpp">
      <Filter>Matcher</Filter>
    </ClCompile>
  </ItemGroup>
  <ItemGroup>
    <ClInclude Include="include\ObjectRecognition\GlobalFeature.h">
      <Filter>GlobalFeatures</Filter>
    </ClInclude>
    <ClInclude Include="include\ObjectRecognition\LbpFeature.h">
      <Filter>GlobalFeatures</Filter>
    </ClInclude>
    <ClInclude Include="include\ObjectRecognition\FastFeature.h">
      <Filter>LocalFeatures</Filter>
    </ClInclude>
    <ClInclude Include="include\ObjectRecognition\SurfFeature.h">
      <Filter>LocalFeatures</Filter>
    </ClInclude>
    <ClInclude Include="include\ObjectRecognition\LocalFeature.h">
      <Filter>LocalFeatures</Filter>
    </ClInclude>
    <ClInclude Include="include\ObjectRecognition\MserFeature.h">
      <Filter>LocalFeatures</Filter>
    </ClInclude>
    <ClInclude Include="include\ObjectRecognition\OrbFeature.h">
      <Filter>LocalFeatures</Filter>
    </ClInclude>
    <ClInclude Include="include\ObjectRecognition\SiftFeature.h">
      <Filter>LocalFeatures</Filter>
    </ClInclude>
    <ClInclude Include="include\ObjectRecognition\StarFeature.h">
      <Filter>LocalFeatures</Filter>
    </ClInclude>
    <ClInclude Include="include\ObjectRecognition\Matcher.h">
      <Filter>Matcher</Filter>
    </ClInclude>
  </ItemGroup>
  <ItemGroup>
    <Filter Include="GlobalFeatures">
      <UniqueIdentifier>{a5d30407-3312-4cd2-ad85-852951c415d3}</UniqueIdentifier>
    </Filter>
    <Filter Include="LocalFeatures">
      <UniqueIdentifier>{94f8dc7f-d742-4793-ada9-bb1468169318}</UniqueIdentifier>
    </Filter>
    <Filter Include="Matcher">
      <UniqueIdentifier>{47fcc59d-198b-4094-a5a3-fa83702e6d03}</UniqueIdentifier>
    </Filter>
  </ItemGroup>
</Project>