<?xml version="1.0" encoding="utf-8"?>
<Project ToolsVersion="4.0" xmlns="http://schemas.microsoft.com/developer/msbuild/2003">
  <ItemGroup>
    <Filter Include="LocalFeatures">
      <UniqueIdentifier>{32143670-ec89-4672-9a1b-8760bd4a02cf}</UniqueIdentifier>
    </Filter>
    <Filter Include="GlobalFeatures">
      <UniqueIdentifier>{7c69f93e-03d5-43f1-8c0b-536500ca8581}</UniqueIdentifier>
    </Filter>
  </ItemGroup>
  <ItemGroup>
    <ClCompile Include="src\FastFeature.cpp">
      <Filter>GlobalFeatures</Filter>
    </ClCompile>
    <ClCompile Include="src\SurfFeature.cpp">
      <Filter>GlobalFeatures</Filter>
    </ClCompile>
    <ClCompile Include="src\MserFeature.cpp">
      <Filter>GlobalFeatures</Filter>
    </ClCompile>
    <ClCompile Include="src\OrbFeature.cpp">
      <Filter>GlobalFeatures</Filter>
    </ClCompile>
    <ClCompile Include="src\SiftFeature.cpp">
      <Filter>GlobalFeatures</Filter>
    </ClCompile>
    <ClCompile Include="src\StarFeature.cpp">
      <Filter>GlobalFeatures</Filter>
    </ClCompile>
    <ClCompile Include="src\LbpFeature.cpp">
      <Filter>LocalFeatures</Filter>
    </ClCompile>
    <ClCompile Include="src\GlobalFeature.cpp">
      <Filter>GlobalFeatures</Filter>
    </ClCompile>
    <ClCompile Include="src\LocalFeature.cpp">
      <Filter>LocalFeatures</Filter>
    </ClCompile>
  </ItemGroup>
  <ItemGroup>
    <ClInclude Include="include\FastFeature.h">
      <Filter>GlobalFeatures</Filter>
    </ClInclude>
    <ClInclude Include="include\SurfFeature.h">
      <Filter>GlobalFeatures</Filter>
    </ClInclude>
    <ClInclude Include="include\MserFeature.h">
      <Filter>GlobalFeatures</Filter>
    </ClInclude>
    <ClInclude Include="include\OrbFeature.h">
      <Filter>GlobalFeatures</Filter>
    </ClInclude>
    <ClInclude Include="include\SiftFeature.h">
      <Filter>GlobalFeatures</Filter>
    </ClInclude>
    <ClInclude Include="include\StarFeature.h">
      <Filter>GlobalFeatures</Filter>
    </ClInclude>
    <ClInclude Include="include\LbpFeature.h">
      <Filter>LocalFeatures</Filter>
    </ClInclude>
    <ClInclude Include="include\GlobalFeature.h">
      <Filter>GlobalFeatures</Filter>
    </ClInclude>
    <ClInclude Include="include\LocalFeature.h">
      <Filter>LocalFeatures</Filter>
    </ClInclude>
  </ItemGroup>
  <ItemGroup>
    <None Include="FeatureExtractor.cd" />
  </ItemGroup>
</Project>