<?xml version="1.0" encoding="utf-8"?>
<Project ToolsVersion="4.0" xmlns="http://schemas.microsoft.com/developer/msbuild/2003">
  <ItemGroup>
    <Filter Include="Module">
      <UniqueIdentifier>{38e4660a-f94a-4f09-85f7-5801f9ed8b1a}</UniqueIdentifier>
    </Filter>
    <Filter Include="LocalSettings">
      <UniqueIdentifier>{6fd6a24e-2fbc-4666-9b84-c048f5dd6b99}</UniqueIdentifier>
    </Filter>
    <Filter Include="Visualizer">
      <UniqueIdentifier>{30cca684-3a31-431e-9d99-3c350f899fe4}</UniqueIdentifier>
    </Filter>
    <Filter Include="General">
      <UniqueIdentifier>{5ad0ed43-00d9-42bc-90ee-a4b47715c94c}</UniqueIdentifier>
    </Filter>
  </ItemGroup>
  <ItemGroup>
    <ClInclude Include="include\ObjectRecognition\LocalSettings.h">
      <Filter>LocalSettings</Filter>
    </ClInclude>
    <ClInclude Include="include\ObjectRecognition\Mutex.h">
      <Filter>Module</Filter>
    </ClInclude>
    <ClInclude Include="include\ObjectRecognition\Runnable.h">
      <Filter>Module</Filter>
    </ClInclude>
    <ClInclude Include="include\ObjectRecognition\Thread.h">
      <Filter>Module</Filter>
    </ClInclude>
    <ClInclude Include="include\ObjectRecognition\Visualizer.h">
      <Filter>Visualizer</Filter>
    </ClInclude>
    <ClInclude Include="include\ObjectRecognition\Tokenizer.h">
      <Filter>General</Filter>
    </ClInclude>
  </ItemGroup>
  <ItemGroup>
    <ClCompile Include="src\LocalSettings.cpp">
      <Filter>LocalSettings</Filter>
    </ClCompile>
    <ClCompile Include="src\Mutex.cpp">
      <Filter>Module</Filter>
    </ClCompile>
    <ClCompile Include="src\Thread.cpp">
      <Filter>Module</Filter>
    </ClCompile>
    <ClCompile Include="src\Runnable.cpp">
      <Filter>Module</Filter>
    </ClCompile>
    <ClCompile Include="src\Visualizer.cpp">
      <Filter>Visualizer</Filter>
    </ClCompile>
    <ClCompile Include="src\Tokenizer.cpp">
      <Filter>General</Filter>
    </ClCompile>
  </ItemGroup>
</Project>