
Microsoft Visual Studio Solution File, Format Version 11.00
# Visual Studio 2010
Project("{8BC9CEB8-8B4A-11D0-8D11-00A0C91BC942}") = "OpenCVSIFTDescription", "OpenCVSIFTDescription\OpenCVSIFTDescription.vcxproj", "{EB987B9A-FECF-4179-94A2-16DD37BDA648}"
EndProject
Global
	GlobalSection(SolutionConfigurationPlatforms) = preSolution
		Debug|Win32 = Debug|Win32
		Release|Win32 = Release|Win32
	EndGlobalSection
	GlobalSection(ProjectConfigurationPlatforms) = postSolution
		{EB987B9A-FECF-4179-94A2-16DD37BDA648}.Debug|Win32.ActiveCfg = Debug|Win32
		{EB987B9A-FECF-4179-94A2-16DD37BDA648}.Debug|Win32.Build.0 = Debug|Win32
		{EB987B9A-FECF-4179-94A2-16DD37BDA648}.Release|Win32.ActiveCfg = Release|Win32
		{EB987B9A-FECF-4179-94A2-16DD37BDA648}.Release|Win32.Build.0 = Release|Win32
	EndGlobalSection
	GlobalSection(SolutionProperties) = preSolution
		HideSolutionNode = FALSE
	EndGlobalSection
EndGlobal
