<?xml version="1.0" encoding="utf-8"?>
<Project ToolsVersion="4.0" xmlns="http://schemas.microsoft.com/developer/msbuild/2003">
  <ItemGroup>
    <ClCompile Include="src\HuroAlgorithm.cpp" />
    <ClCompile Include="src\Main.cpp" />
  </ItemGroup>
  <ItemGroup>
    <None Include="ObjectRecognition.cd" />
  </ItemGroup>
  <ItemGroup>
    <ClInclude Include="include\HuroAlgorithm.h" />
  </ItemGroup>
</Project>